schema: '2.0'
stages:
  weekly_summary:
    cmd: julia --project=@. scripts/weekly_summary.jl "Weekly"
    deps:
    - path: data/expense
      hash: md5
      md5: 86e56cb54f892312f5000127c286eddb.dir
      size: 105346
      nfiles: 4
    - path: data/transfer
      hash: md5
      md5: 0abfc9d460ebdef07a8d68d80c2c6ef0.dir
      size: 98
      nfiles: 2
    - path: scripts/weekly_summary.jl
      hash: md5
      md5: 1c649979e52dcecc1604ab820016b784
      size: 5068
  load_data:
    cmd: julia --project=@. scripts/load_data.jl
    deps:
    - path: scripts/load_data.jl
      hash: md5
      md5: 144e8be4b7dab6e163a8b7be4d1baeb6
      size: 2462
    outs:
    - path: data/combined
      hash: md5
      md5: 66a84607cbe0e0d39f43e9b25c189c8c.dir
      size: 154
      nfiles: 2
    - path: data/expense
      hash: md5
      md5: 86e56cb54f892312f5000127c286eddb.dir
      size: 105346
      nfiles: 4
    - path: data/transfer
      hash: md5
      md5: 0abfc9d460ebdef07a8d68d80c2c6ef0.dir
      size: 98
      nfiles: 2
