schema: '2.0'
stages:
  weekly_summary:
    cmd: julia --project=@. scripts/weekly_summary.jl "Weekly"
    deps:
    - path: data/expense
      hash: md5
      md5: 4e081379c92199720317e27ea307eee4.dir
      size: 105390
      nfiles: 4
    - path: data/transfer
      hash: md5
      md5: 90e6c5d03eec725fb79b5ac7abe47d64.dir
      size: 843
      nfiles: 2
    - path: scripts/weekly_summary.jl
      hash: md5
      md5: 4015a5e913cc095baa1d4a11dbb2f050
      size: 3237
  load_data:
    cmd: julia --project=@. scripts/load_data.jl
    deps:
    - path: scripts/load_data.jl
      hash: md5
      md5: 06e4429cb0c7ef01a47e2cb38574936d
      size: 2453
    outs:
    - path: data/combined
      hash: md5
      md5: b98921097ddc798e6b8a671a1c073f2a.dir
      size: 193
      nfiles: 2
    - path: data/expense
      hash: md5
      md5: 4e081379c92199720317e27ea307eee4.dir
      size: 105390
      nfiles: 4
    - path: data/transfer
      hash: md5
      md5: 90e6c5d03eec725fb79b5ac7abe47d64.dir
      size: 843
      nfiles: 2
