schema: '2.0'
stages:
  weekly_summary:
    cmd: julia --project=@. scripts/weekly_summary.jl "Weekly"
    deps:
    - path: scripts/weekly_summary.jl
      hash: md5
      md5: 6c4c3c2b453a96a968aee65b0f35d88d
      size: 4431
    outs:
    - path: data/expense_book.csv
      hash: md5
      md5: c080f6b28ade0f3e481d1b79c5537f9e
      size: 100670
    - path: data/net_expense.csv
      hash: md5
      md5: b24c0cadd51b8ed794791b82cb3dd81c
      size: 83
    - path: data/net_transfer_by_item.csv
      hash: md5
      md5: 83502a43bf0df55e9991a0d39f9ad963
      size: 192
    - path: data/transfer_book.csv
      hash: md5
      md5: 4688faf2b38363cece1d9feb0e2016e7
      size: 651
